{
  "name": "domain-modeling-made-functional-ts",
  "version": "1.0.0",
  "lockfileVersion": 1,
  "requires": true,
  "dependencies": {
    "fp-ts": {
      "version": "1.18.1",
      "resolved": "https://registry.npmjs.org/fp-ts/-/fp-ts-1.18.1.tgz",
      "integrity": "sha512-esfGgsuc0S9Q23YnoWQH4DrnBIJ7LCbA7AsUKFwawVsYmVZ7Cl+3cjd8nAhJLWwpUKDRsBsMJOf+uX4ZakZMsQ=="
    },
    "fp-ts-contrib": {
      "version": "0.0.6",
      "resolved": "https://registry.npmjs.org/fp-ts-contrib/-/fp-ts-contrib-0.0.6.tgz",
      "integrity": "sha512-RiZEeMndgYnhvYY8+jSbufL0aoWVHx67hIX6tzt3Qsd7QHOweZpMVa/NBaPvLP+VDXGDrY/spsbLhjwmkB7Lpw=="
    },
    "monocle-ts": {
      "version": "1.7.2",
      "resolved": "https://registry.npmjs.org/monocle-ts/-/monocle-ts-1.7.2.tgz",
      "integrity": "sha512-F08hPUzQ14vOtac2vOagnvXPr0R0MRKWXF6Bwd3gQ4XnV2qfU0MzPL+L18kX4dXBkat74pxbL88V1BjAj3YOWg=="
    },
    "newtype-ts": {
      "version": "0.2.4",
      "resolved": "https://registry.npmjs.org/newtype-ts/-/newtype-ts-0.2.4.tgz",
      "integrity": "sha512-HrzPdG0+0FK1qHbc3ld/HXu252OYgmN993bFxUtZ6NFCLUk1eq+yKwdvP07BblXQibGqMWNXBUrNoLUq23Ma2Q==",
      "requires": {
        "fp-ts": "1.18.1",
        "monocle-ts": "1.7.2"
      }
    },
    "typescript": {
      "version": "3.4.5",
      "resolved": "https://registry.npmjs.org/typescript/-/typescript-3.4.5.tgz",
      "integrity": "sha512-YycBxUb49UUhdNMU5aJ7z5Ej2XGmaIBL0x34vZ82fn3hGvD+bgrMrVDpatgz2f7YxUMJxMkbWxJZeAvDxVe7Vw=="
    }
  }
}
